
Microsoft Visual Studio Solution File, Format Version 12.00
# Visual Studio Version 17
VisualStudioVersion = 17.7.34221.43
MinimumVisualStudioVersion = 10.0.40219.1
Project("{FAE04EC0-301F-11D3-BF4B-00C04F79EFBC}") = "Api", "Api.csproj", "{97C5292A-0791-48A5-9E71-8E6AC0BF284D}"
EndProject
Project("{FAE04EC0-301F-11D3-BF4B-00C04F79EFBC}") = "LayerSystemController", "LayerSystemController\LayerSystemController.csproj", "{3717A22F-C2C8-4740-9014-8488CBB571B9}"
EndProject
Global
	GlobalSection(SolutionConfigurationPlatforms) = preSolution
		Debug|Any CPU = Debug|Any CPU
		Release|Any CPU = Release|Any CPU
	EndGlobalSection
	GlobalSection(ProjectConfigurationPlatforms) = postSolution
		{97C5292A-0791-48A5-9E71-8E6AC0BF284D}.Debug|Any CPU.ActiveCfg = Debug|Any CPU
		{97C5292A-0791-48A5-9E71-8E6AC0BF284D}.Debug|Any CPU.Build.0 = Debug|Any CPU
		{97C5292A-0791-48A5-9E71-8E6AC0BF284D}.Release|Any CPU.ActiveCfg = Release|Any CPU
		{97C5292A-0791-48A5-9E71-8E6AC0BF284D}.Release|Any CPU.Build.0 = Release|Any CPU
		{3717A22F-C2C8-4740-9014-8488CBB571B9}.Debug|Any CPU.ActiveCfg = Debug|Any CPU
		{3717A22F-C2C8-4740-9014-8488CBB571B9}.Debug|Any CPU.Build.0 = Debug|Any CPU
		{3717A22F-C2C8-4740-9014-8488CBB571B9}.Release|Any CPU.ActiveCfg = Release|Any CPU
		{3717A22F-C2C8-4740-9014-8488CBB571B9}.Release|Any CPU.Build.0 = Release|Any CPU
	EndGlobalSection
	GlobalSection(SolutionProperties) = preSolution
		HideSolutionNode = FALSE
	EndGlobalSection
	GlobalSection(ExtensibilityGlobals) = postSolution
		SolutionGuid = {8ECCE433-55B7-488C-9F29-327A49CE5875}
	EndGlobalSection
EndGlobal
